
Microsoft Visual Studio Solution File, Format Version 12.00
# Visual Studio 14
VisualStudioVersion = 14.0.25420.1
MinimumVisualStudioVersion = 10.0.40219.1
Project("{2150E333-8FDC-42A3-9474-1A3956D46DE8}") = "src", "src", "{63F0BE62-5E0A-4A08-B236-7B7A999B93CB}"
EndProject
Project("{2150E333-8FDC-42A3-9474-1A3956D46DE8}") = "Solution Items", "Solution Items", "{9008B630-3378-421A-8F86-4D048D2AFA10}"
	ProjectSection(SolutionItems) = preProject
		global.json = global.json
	EndProjectSection
EndProject
Project("{8BB2217D-0F2D-49D1-97BC-3654ED321F3B}") = "AspNetCore.Health", "src\AspNetCore.Health\AspNetCore.Health.xproj", "{6588861D-C848-4049-8E4A-EB2025D8DDAD}"
EndProject
Project("{2150E333-8FDC-42A3-9474-1A3956D46DE8}") = "test", "test", "{4B3B38B0-B7CF-4275-A8F1-ABE5604A4C5A}"
EndProject
Project("{8BB2217D-0F2D-49D1-97BC-3654ED321F3B}") = "AspNetCore.Health.Tests", "test\AspNetCore.Health.Tests\AspNetCore.Health.Tests.xproj", "{01D23EF8-FD69-4F8A-9F58-27F4ABB21E9D}"
EndProject
Project("{2150E333-8FDC-42A3-9474-1A3956D46DE8}") = "samples", "samples", "{C0E59FC1-9A63-484F-B223-635A99645BF5}"
EndProject
Project("{8BB2217D-0F2D-49D1-97BC-3654ED321F3B}") = "HealthSample", "samples\HealthSample\HealthSample.xproj", "{505BADB8-F968-4883-A342-9B70CAA0822C}"
EndProject
Global
	GlobalSection(SolutionConfigurationPlatforms) = preSolution
		Debug|Any CPU = Debug|Any CPU
		Release|Any CPU = Release|Any CPU
	EndGlobalSection
	GlobalSection(ProjectConfigurationPlatforms) = postSolution
		{6588861D-C848-4049-8E4A-EB2025D8DDAD}.Debug|Any CPU.ActiveCfg = Debug|Any CPU
		{6588861D-C848-4049-8E4A-EB2025D8DDAD}.Debug|Any CPU.Build.0 = Debug|Any CPU
		{6588861D-C848-4049-8E4A-EB2025D8DDAD}.Release|Any CPU.ActiveCfg = Release|Any CPU
		{6588861D-C848-4049-8E4A-EB2025D8DDAD}.Release|Any CPU.Build.0 = Release|Any CPU
		{01D23EF8-FD69-4F8A-9F58-27F4ABB21E9D}.Debug|Any CPU.ActiveCfg = Debug|Any CPU
		{01D23EF8-FD69-4F8A-9F58-27F4ABB21E9D}.Debug|Any CPU.Build.0 = Debug|Any CPU
		{01D23EF8-FD69-4F8A-9F58-27F4ABB21E9D}.Release|Any CPU.ActiveCfg = Release|Any CPU
		{01D23EF8-FD69-4F8A-9F58-27F4ABB21E9D}.Release|Any CPU.Build.0 = Release|Any CPU
		{505BADB8-F968-4883-A342-9B70CAA0822C}.Debug|Any CPU.ActiveCfg = Debug|Any CPU
		{505BADB8-F968-4883-A342-9B70CAA0822C}.Debug|Any CPU.Build.0 = Debug|Any CPU
		{505BADB8-F968-4883-A342-9B70CAA0822C}.Release|Any CPU.ActiveCfg = Release|Any CPU
		{505BADB8-F968-4883-A342-9B70CAA0822C}.Release|Any CPU.Build.0 = Release|Any CPU
	EndGlobalSection
	GlobalSection(SolutionProperties) = preSolution
		HideSolutionNode = FALSE
	EndGlobalSection
	GlobalSection(NestedProjects) = preSolution
		{6588861D-C848-4049-8E4A-EB2025D8DDAD} = {63F0BE62-5E0A-4A08-B236-7B7A999B93CB}
		{01D23EF8-FD69-4F8A-9F58-27F4ABB21E9D} = {4B3B38B0-B7CF-4275-A8F1-ABE5604A4C5A}
		{505BADB8-F968-4883-A342-9B70CAA0822C} = {C0E59FC1-9A63-484F-B223-635A99645BF5}
	EndGlobalSection
EndGlobal
