Microsoft Visual Studio Solution File, Format Version 12.00
# Visual Studio 15
VisualStudioVersion = 15.0.27004.2002
MinimumVisualStudioVersion = 10.0.40219.1
Project("{2150E333-8FDC-42A3-9474-1A3956D46DE8}") = "src", "src", "{63F0BE62-5E0A-4A08-B236-7B7A999B93CB}"
EndProject
Project("{2150E333-8FDC-42A3-9474-1A3956D46DE8}") = "test", "test", "{4B3B38B0-B7CF-4275-A8F1-ABE5604A4C5A}"
EndProject
Project("{2150E333-8FDC-42A3-9474-1A3956D46DE8}") = "samples", "samples", "{C0E59FC1-9A63-484F-B223-635A99645BF5}"
EndProject
Project("{9A19103F-16F7-4668-BE54-9A1E7A4F7556}") = "AspNetCore.Health", "src\AspNetCore.Health\AspNetCore.Health.csproj", "{58A22F4D-8367-4793-8B2D-1895353A7B97}"
EndProject
Project("{9A19103F-16F7-4668-BE54-9A1E7A4F7556}") = "AspNetCore.Health.Tests", "test\AspNetCore.Health.Tests\AspNetCore.Health.Tests.csproj", "{8A1741AB-F4BF-490E-AD08-B7A152C51EDB}"
EndProject
Project("{9A19103F-16F7-4668-BE54-9A1E7A4F7556}") = "HealthSample", "samples\HealthSample\HealthSample.csproj", "{207832C7-CBBD-4C6B-B61D-6DDEC50D36C8}"
EndProject
Global
	GlobalSection(SolutionConfigurationPlatforms) = preSolution
		Debug|Any CPU = Debug|Any CPU
		Debug|x64 = Debug|x64
		Debug|x86 = Debug|x86
		Release|Any CPU = Release|Any CPU
		Release|x64 = Release|x64
		Release|x86 = Release|x86
	EndGlobalSection
	GlobalSection(ProjectConfigurationPlatforms) = postSolution
		{58A22F4D-8367-4793-8B2D-1895353A7B97}.Debug|Any CPU.ActiveCfg = Debug|Any CPU
		{58A22F4D-8367-4793-8B2D-1895353A7B97}.Debug|Any CPU.Build.0 = Debug|Any CPU
		{58A22F4D-8367-4793-8B2D-1895353A7B97}.Debug|x64.ActiveCfg = Debug|Any CPU
		{58A22F4D-8367-4793-8B2D-1895353A7B97}.Debug|x64.Build.0 = Debug|Any CPU
		{58A22F4D-8367-4793-8B2D-1895353A7B97}.Debug|x86.ActiveCfg = Debug|Any CPU
		{58A22F4D-8367-4793-8B2D-1895353A7B97}.Debug|x86.Build.0 = Debug|Any CPU
		{58A22F4D-8367-4793-8B2D-1895353A7B97}.Release|Any CPU.ActiveCfg = Release|Any CPU
		{58A22F4D-8367-4793-8B2D-1895353A7B97}.Release|Any CPU.Build.0 = Release|Any CPU
		{58A22F4D-8367-4793-8B2D-1895353A7B97}.Release|x64.ActiveCfg = Release|Any CPU
		{58A22F4D-8367-4793-8B2D-1895353A7B97}.Release|x64.Build.0 = Release|Any CPU
		{58A22F4D-8367-4793-8B2D-1895353A7B97}.Release|x86.ActiveCfg = Release|Any CPU
		{58A22F4D-8367-4793-8B2D-1895353A7B97}.Release|x86.Build.0 = Release|Any CPU
		{8A1741AB-F4BF-490E-AD08-B7A152C51EDB}.Debug|Any CPU.ActiveCfg = Debug|Any CPU
		{8A1741AB-F4BF-490E-AD08-B7A152C51EDB}.Debug|Any CPU.Build.0 = Debug|Any CPU
		{8A1741AB-F4BF-490E-AD08-B7A152C51EDB}.Debug|x64.ActiveCfg = Debug|Any CPU
		{8A1741AB-F4BF-490E-AD08-B7A152C51EDB}.Debug|x64.Build.0 = Debug|Any CPU
		{8A1741AB-F4BF-490E-AD08-B7A152C51EDB}.Debug|x86.ActiveCfg = Debug|Any CPU
		{8A1741AB-F4BF-490E-AD08-B7A152C51EDB}.Debug|x86.Build.0 = Debug|Any CPU
		{8A1741AB-F4BF-490E-AD08-B7A152C51EDB}.Release|Any CPU.ActiveCfg = Release|Any CPU
		{8A1741AB-F4BF-490E-AD08-B7A152C51EDB}.Release|Any CPU.Build.0 = Release|Any CPU
		{8A1741AB-F4BF-490E-AD08-B7A152C51EDB}.Release|x64.ActiveCfg = Release|Any CPU
		{8A1741AB-F4BF-490E-AD08-B7A152C51EDB}.Release|x64.Build.0 = Release|Any CPU
		{8A1741AB-F4BF-490E-AD08-B7A152C51EDB}.Release|x86.ActiveCfg = Release|Any CPU
		{8A1741AB-F4BF-490E-AD08-B7A152C51EDB}.Release|x86.Build.0 = Release|Any CPU
		{207832C7-CBBD-4C6B-B61D-6DDEC50D36C8}.Debug|Any CPU.ActiveCfg = Debug|Any CPU
		{207832C7-CBBD-4C6B-B61D-6DDEC50D36C8}.Debug|Any CPU.Build.0 = Debug|Any CPU
		{207832C7-CBBD-4C6B-B61D-6DDEC50D36C8}.Debug|x64.ActiveCfg = Debug|Any CPU
		{207832C7-CBBD-4C6B-B61D-6DDEC50D36C8}.Debug|x64.Build.0 = Debug|Any CPU
		{207832C7-CBBD-4C6B-B61D-6DDEC50D36C8}.Debug|x86.ActiveCfg = Debug|Any CPU
		{207832C7-CBBD-4C6B-B61D-6DDEC50D36C8}.Debug|x86.Build.0 = Debug|Any CPU
		{207832C7-CBBD-4C6B-B61D-6DDEC50D36C8}.Release|Any CPU.ActiveCfg = Release|Any CPU
		{207832C7-CBBD-4C6B-B61D-6DDEC50D36C8}.Release|Any CPU.Build.0 = Release|Any CPU
		{207832C7-CBBD-4C6B-B61D-6DDEC50D36C8}.Release|x64.ActiveCfg = Release|Any CPU
		{207832C7-CBBD-4C6B-B61D-6DDEC50D36C8}.Release|x64.Build.0 = Release|Any CPU
		{207832C7-CBBD-4C6B-B61D-6DDEC50D36C8}.Release|x86.ActiveCfg = Release|Any CPU
		{207832C7-CBBD-4C6B-B61D-6DDEC50D36C8}.Release|x86.Build.0 = Release|Any CPU
	EndGlobalSection
	GlobalSection(SolutionProperties) = preSolution
		HideSolutionNode = FALSE
	EndGlobalSection
	GlobalSection(NestedProjects) = preSolution
		{58A22F4D-8367-4793-8B2D-1895353A7B97} = {63F0BE62-5E0A-4A08-B236-7B7A999B93CB}
		{8A1741AB-F4BF-490E-AD08-B7A152C51EDB} = {4B3B38B0-B7CF-4275-A8F1-ABE5604A4C5A}
		{207832C7-CBBD-4C6B-B61D-6DDEC50D36C8} = {C0E59FC1-9A63-484F-B223-635A99645BF5}
	EndGlobalSection
	GlobalSection(ExtensibilityGlobals) = postSolution
		SolutionGuid = {238407E1-1AE4-41F8-898F-E6A0026DF7DC}
	EndGlobalSection
EndGlobal
